
Microsoft Visual Studio Solution File, Format Version 12.00
# Visual Studio Version 17
VisualStudioVersion = 17.9.34607.119
MinimumVisualStudioVersion = 10.0.40219.1
Project("{FAE04EC0-301F-11D3-BF4B-00C04F79EFBC}") = "KaganKuscu.Blog", "KaganKuscu.Blog\KaganKuscu.Blog.csproj", "{607EB2B8-1493-4029-8567-980AFC9A73A9}"
EndProject
Project("{FAE04EC0-301F-11D3-BF4B-00C04F79EFBC}") = "KaganKuscu.Repository", "KaganKuscu.Repository\KaganKuscu.Repository.csproj", "{12314E8E-8E53-46A5-BA93-9D1553088D9B}"
EndProject
Project("{FAE04EC0-301F-11D3-BF4B-00C04F79EFBC}") = "KaganKuscu.DataAccess", "KaganKuscu.DataAccess\KaganKuscu.DataAccess.csproj", "{A9E5278E-016B-4AA2-9ACB-26E055126BE7}"
EndProject
Project("{FAE04EC0-301F-11D3-BF4B-00C04F79EFBC}") = "KaganKuscu.Business", "KaganKuscu.Business\KaganKuscu.Business.csproj", "{3CA1CD37-9265-4E65-A377-38166842CA00}"
EndProject
Project("{FAE04EC0-301F-11D3-BF4B-00C04F79EFBC}") = "KaganKuscu.Model", "KaganKuscu.Model\KaganKuscu.Model.csproj", "{DF5D94BA-4ED0-4216-9D24-F434D9D3CEE5}"
EndProject
Project("{FAE04EC0-301F-11D3-BF4B-00C04F79EFBC}") = "KaganKuscu.Utilities", "KaganKuscu.Utilities\KaganKuscu.Utilities.csproj", "{2890896B-F9A3-4DE1-99F0-E3643078A9BB}"
EndProject
Project("{FAE04EC0-301F-11D3-BF4B-00C04F79EFBC}") = "KaganKuscu.EmailService", "KaganKuscu.EmailService\KaganKuscu.EmailService.csproj", "{D68EB62A-34B6-439C-8288-4228C0BC7D4B}"
EndProject
Global
	GlobalSection(SolutionConfigurationPlatforms) = preSolution
		Debug|Any CPU = Debug|Any CPU
		Release|Any CPU = Release|Any CPU
	EndGlobalSection
	GlobalSection(ProjectConfigurationPlatforms) = postSolution
		{607EB2B8-1493-4029-8567-980AFC9A73A9}.Debug|Any CPU.ActiveCfg = Debug|Any CPU
		{607EB2B8-1493-4029-8567-980AFC9A73A9}.Debug|Any CPU.Build.0 = Debug|Any CPU
		{607EB2B8-1493-4029-8567-980AFC9A73A9}.Release|Any CPU.ActiveCfg = Release|Any CPU
		{607EB2B8-1493-4029-8567-980AFC9A73A9}.Release|Any CPU.Build.0 = Release|Any CPU
		{12314E8E-8E53-46A5-BA93-9D1553088D9B}.Debug|Any CPU.ActiveCfg = Debug|Any CPU
		{12314E8E-8E53-46A5-BA93-9D1553088D9B}.Debug|Any CPU.Build.0 = Debug|Any CPU
		{12314E8E-8E53-46A5-BA93-9D1553088D9B}.Release|Any CPU.ActiveCfg = Release|Any CPU
		{12314E8E-8E53-46A5-BA93-9D1553088D9B}.Release|Any CPU.Build.0 = Release|Any CPU
		{A9E5278E-016B-4AA2-9ACB-26E055126BE7}.Debug|Any CPU.ActiveCfg = Debug|Any CPU
		{A9E5278E-016B-4AA2-9ACB-26E055126BE7}.Debug|Any CPU.Build.0 = Debug|Any CPU
		{A9E5278E-016B-4AA2-9ACB-26E055126BE7}.Release|Any CPU.ActiveCfg = Release|Any CPU
		{A9E5278E-016B-4AA2-9ACB-26E055126BE7}.Release|Any CPU.Build.0 = Release|Any CPU
		{3CA1CD37-9265-4E65-A377-38166842CA00}.Debug|Any CPU.ActiveCfg = Debug|Any CPU
		{3CA1CD37-9265-4E65-A377-38166842CA00}.Debug|Any CPU.Build.0 = Debug|Any CPU
		{3CA1CD37-9265-4E65-A377-38166842CA00}.Release|Any CPU.ActiveCfg = Release|Any CPU
		{3CA1CD37-9265-4E65-A377-38166842CA00}.Release|Any CPU.Build.0 = Release|Any CPU
		{DF5D94BA-4ED0-4216-9D24-F434D9D3CEE5}.Debug|Any CPU.ActiveCfg = Debug|Any CPU
		{DF5D94BA-4ED0-4216-9D24-F434D9D3CEE5}.Debug|Any CPU.Build.0 = Debug|Any CPU
		{DF5D94BA-4ED0-4216-9D24-F434D9D3CEE5}.Release|Any CPU.ActiveCfg = Release|Any CPU
		{DF5D94BA-4ED0-4216-9D24-F434D9D3CEE5}.Release|Any CPU.Build.0 = Release|Any CPU
		{2890896B-F9A3-4DE1-99F0-E3643078A9BB}.Debug|Any CPU.ActiveCfg = Debug|Any CPU
		{2890896B-F9A3-4DE1-99F0-E3643078A9BB}.Debug|Any CPU.Build.0 = Debug|Any CPU
		{2890896B-F9A3-4DE1-99F0-E3643078A9BB}.Release|Any CPU.ActiveCfg = Release|Any CPU
		{2890896B-F9A3-4DE1-99F0-E3643078A9BB}.Release|Any CPU.Build.0 = Release|Any CPU
		{D68EB62A-34B6-439C-8288-4228C0BC7D4B}.Debug|Any CPU.ActiveCfg = Debug|Any CPU
		{D68EB62A-34B6-439C-8288-4228C0BC7D4B}.Debug|Any CPU.Build.0 = Debug|Any CPU
		{D68EB62A-34B6-439C-8288-4228C0BC7D4B}.Release|Any CPU.ActiveCfg = Release|Any CPU
		{D68EB62A-34B6-439C-8288-4228C0BC7D4B}.Release|Any CPU.Build.0 = Release|Any CPU
	EndGlobalSection
	GlobalSection(SolutionProperties) = preSolution
		HideSolutionNode = FALSE
	EndGlobalSection
	GlobalSection(ExtensibilityGlobals) = postSolution
		SolutionGuid = {38FE85F5-0639-45BC-9B41-41BE8B4FCDD9}
	EndGlobalSection
EndGlobal
