
Microsoft Visual Studio Solution File, Format Version 12.00
# Visual Studio Version 17
VisualStudioVersion = 17.5.002.0
MinimumVisualStudioVersion = 10.0.40219.1
Project("{9A19103F-16F7-4668-BE54-9A1E7A4F7556}") = "KaganKuscu.Blog", "KaganKuscu.Blog.csproj", "{9A028306-4F59-4436-A3DA-18D318F94D19}"
EndProject
Global
	GlobalSection(SolutionConfigurationPlatforms) = preSolution
		Debug|Any CPU = Debug|Any CPU
		Release|Any CPU = Release|Any CPU
	EndGlobalSection
	GlobalSection(ProjectConfigurationPlatforms) = postSolution
		{9A028306-4F59-4436-A3DA-18D318F94D19}.Debug|Any CPU.ActiveCfg = Debug|Any CPU
		{9A028306-4F59-4436-A3DA-18D318F94D19}.Debug|Any CPU.Build.0 = Debug|Any CPU
		{9A028306-4F59-4436-A3DA-18D318F94D19}.Release|Any CPU.ActiveCfg = Release|Any CPU
		{9A028306-4F59-4436-A3DA-18D318F94D19}.Release|Any CPU.Build.0 = Release|Any CPU
	EndGlobalSection
	GlobalSection(SolutionProperties) = preSolution
		HideSolutionNode = FALSE
	EndGlobalSection
	GlobalSection(ExtensibilityGlobals) = postSolution
		SolutionGuid = {F79A4840-E509-4232-8A72-4DB41CFB6C10}
	EndGlobalSection
EndGlobal
